
Microsoft Visual Studio Solution File, Format Version 12.00
# Visual Studio 15
VisualStudioVersion = 15.0.28307.136
MinimumVisualStudioVersion = 10.0.40219.1
Project("{6989167D-11E4-40FE-8C1A-2192A86A7E90}") = "qsim1d", "qsim1d.vfproj", "{BDD16370-EEE2-4FBB-BD6E-1314D07CD4A5}"
EndProject
Global
	GlobalSection(SolutionConfigurationPlatforms) = preSolution
		Debug|x64 = Debug|x64
		Debug|x86 = Debug|x86
		Release|x64 = Release|x64
		Release|x86 = Release|x86
		unused_parameters|x64 = unused_parameters|x64
		unused_parameters|x86 = unused_parameters|x86
	EndGlobalSection
	GlobalSection(ProjectConfigurationPlatforms) = postSolution
		{BDD16370-EEE2-4FBB-BD6E-1314D07CD4A5}.Debug|x64.ActiveCfg = Debug|x64
		{BDD16370-EEE2-4FBB-BD6E-1314D07CD4A5}.Debug|x64.Build.0 = Debug|x64
		{BDD16370-EEE2-4FBB-BD6E-1314D07CD4A5}.Debug|x86.ActiveCfg = Debug|Win32
		{BDD16370-EEE2-4FBB-BD6E-1314D07CD4A5}.Debug|x86.Build.0 = Debug|Win32
		{BDD16370-EEE2-4FBB-BD6E-1314D07CD4A5}.Release|x64.ActiveCfg = Release|x64
		{BDD16370-EEE2-4FBB-BD6E-1314D07CD4A5}.Release|x64.Build.0 = Release|x64
		{BDD16370-EEE2-4FBB-BD6E-1314D07CD4A5}.Release|x86.ActiveCfg = Release|Win32
		{BDD16370-EEE2-4FBB-BD6E-1314D07CD4A5}.Release|x86.Build.0 = Release|Win32
		{BDD16370-EEE2-4FBB-BD6E-1314D07CD4A5}.unused_parameters|x64.ActiveCfg = unused_parameters|x64
		{BDD16370-EEE2-4FBB-BD6E-1314D07CD4A5}.unused_parameters|x64.Build.0 = unused_parameters|x64
		{BDD16370-EEE2-4FBB-BD6E-1314D07CD4A5}.unused_parameters|x86.ActiveCfg = unused_parameters|Win32
		{BDD16370-EEE2-4FBB-BD6E-1314D07CD4A5}.unused_parameters|x86.Build.0 = unused_parameters|Win32
	EndGlobalSection
	GlobalSection(SolutionProperties) = preSolution
		HideSolutionNode = FALSE
	EndGlobalSection
	GlobalSection(ExtensibilityGlobals) = postSolution
		SolutionGuid = {85925326-D805-47C5-82B1-04FFA4C56D26}
	EndGlobalSection
EndGlobal
